
Microsoft Visual Studio Solution File, Format Version 12.00
# Visual Studio Version 17
VisualStudioVersion = 17.6.33815.320
MinimumVisualStudioVersion = 10.0.40219.1
Project("{FAE04EC0-301F-11D3-BF4B-00C04F79EFBC}") = "Biblio", "Biblio\Biblio.csproj", "{C56D0DE7-C65A-429E-B26B-75C701BA35A0}"
EndProject
Global
	GlobalSection(SolutionConfigurationPlatforms) = preSolution
		Debug|Any CPU = Debug|Any CPU
		Release|Any CPU = Release|Any CPU
	EndGlobalSection
	GlobalSection(ProjectConfigurationPlatforms) = postSolution
		{C56D0DE7-C65A-429E-B26B-75C701BA35A0}.Debug|Any CPU.ActiveCfg = Debug|Any CPU
		{C56D0DE7-C65A-429E-B26B-75C701BA35A0}.Debug|Any CPU.Build.0 = Debug|Any CPU
		{C56D0DE7-C65A-429E-B26B-75C701BA35A0}.Release|Any CPU.ActiveCfg = Release|Any CPU
		{C56D0DE7-C65A-429E-B26B-75C701BA35A0}.Release|Any CPU.Build.0 = Release|Any CPU
	EndGlobalSection
	GlobalSection(SolutionProperties) = preSolution
		HideSolutionNode = FALSE
	EndGlobalSection
	GlobalSection(ExtensibilityGlobals) = postSolution
		SolutionGuid = {571C5433-F70C-46F5-A946-4562FEF69C41}
	EndGlobalSection
EndGlobal
