
Microsoft Visual Studio Solution File, Format Version 12.00
# Visual Studio Version 17
VisualStudioVersion = 17.6.33815.320
MinimumVisualStudioVersion = 10.0.40219.1
Project("{9A19103F-16F7-4668-BE54-9A1E7A4F7556}") = "Cursos", "Cursos\Cursos.csproj", "{A0BBDE02-8041-4ADA-A203-F2C6950E8A61}"
EndProject
Project("{9A19103F-16F7-4668-BE54-9A1E7A4F7556}") = "Biblio", "..\..\Biblio\Biblio\Biblio.csproj", "{D9574D99-C0C5-44C4-A109-C98A8C95DC79}"
EndProject
Project("{9A19103F-16F7-4668-BE54-9A1E7A4F7556}") = "Utilis", "..\..\Utilis\Utilis\Utilis.csproj", "{72186F41-BF44-40E0-9163-9A1B1D218565}"
EndProject
Global
	GlobalSection(SolutionConfigurationPlatforms) = preSolution
		Debug|Any CPU = Debug|Any CPU
		Release|Any CPU = Release|Any CPU
	EndGlobalSection
	GlobalSection(ProjectConfigurationPlatforms) = postSolution
		{A0BBDE02-8041-4ADA-A203-F2C6950E8A61}.Debug|Any CPU.ActiveCfg = Debug|Any CPU
		{A0BBDE02-8041-4ADA-A203-F2C6950E8A61}.Debug|Any CPU.Build.0 = Debug|Any CPU
		{A0BBDE02-8041-4ADA-A203-F2C6950E8A61}.Release|Any CPU.ActiveCfg = Release|Any CPU
		{A0BBDE02-8041-4ADA-A203-F2C6950E8A61}.Release|Any CPU.Build.0 = Release|Any CPU
		{D9574D99-C0C5-44C4-A109-C98A8C95DC79}.Debug|Any CPU.ActiveCfg = Debug|Any CPU
		{D9574D99-C0C5-44C4-A109-C98A8C95DC79}.Debug|Any CPU.Build.0 = Debug|Any CPU
		{D9574D99-C0C5-44C4-A109-C98A8C95DC79}.Release|Any CPU.ActiveCfg = Release|Any CPU
		{D9574D99-C0C5-44C4-A109-C98A8C95DC79}.Release|Any CPU.Build.0 = Release|Any CPU
		{72186F41-BF44-40E0-9163-9A1B1D218565}.Debug|Any CPU.ActiveCfg = Debug|Any CPU
		{72186F41-BF44-40E0-9163-9A1B1D218565}.Debug|Any CPU.Build.0 = Debug|Any CPU
		{72186F41-BF44-40E0-9163-9A1B1D218565}.Release|Any CPU.ActiveCfg = Release|Any CPU
		{72186F41-BF44-40E0-9163-9A1B1D218565}.Release|Any CPU.Build.0 = Release|Any CPU
	EndGlobalSection
	GlobalSection(SolutionProperties) = preSolution
		HideSolutionNode = FALSE
	EndGlobalSection
	GlobalSection(ExtensibilityGlobals) = postSolution
		SolutionGuid = {27127CE0-0435-4A5F-B98E-8B9764A71D9D}
	EndGlobalSection
EndGlobal
