
Microsoft Visual Studio Solution File, Format Version 12.00
# Visual Studio Version 17
VisualStudioVersion = 17.6.33815.320
MinimumVisualStudioVersion = 10.0.40219.1
Project("{9A19103F-16F7-4668-BE54-9A1E7A4F7556}") = "Cursos", "Cursos\Cursos.csproj", "{A0BBDE02-8041-4ADA-A203-F2C6950E8A61}"
EndProject
Project("{9A19103F-16F7-4668-BE54-9A1E7A4F7556}") = "Biblio", "Biblio\Biblio\Biblio.csproj", "{E7AEAB57-ECD3-4A83-B091-27BE552DB80D}"
EndProject
Project("{9A19103F-16F7-4668-BE54-9A1E7A4F7556}") = "BD", "BD\BD\BD.csproj", "{48D3722F-9A1F-4A7F-8A0D-27E0A75A6B22}"
EndProject
Project("{9A19103F-16F7-4668-BE54-9A1E7A4F7556}") = "Utilis", "Utilis\Utilis\Utilis.csproj", "{FD670772-A97C-491C-94E8-5654DCC2DAD1}"
EndProject
Global
	GlobalSection(SolutionConfigurationPlatforms) = preSolution
		Debug|Any CPU = Debug|Any CPU
		Release|Any CPU = Release|Any CPU
	EndGlobalSection
	GlobalSection(ProjectConfigurationPlatforms) = postSolution
		{A0BBDE02-8041-4ADA-A203-F2C6950E8A61}.Debug|Any CPU.ActiveCfg = Debug|Any CPU
		{A0BBDE02-8041-4ADA-A203-F2C6950E8A61}.Debug|Any CPU.Build.0 = Debug|Any CPU
		{A0BBDE02-8041-4ADA-A203-F2C6950E8A61}.Release|Any CPU.ActiveCfg = Release|Any CPU
		{A0BBDE02-8041-4ADA-A203-F2C6950E8A61}.Release|Any CPU.Build.0 = Release|Any CPU
		{E7AEAB57-ECD3-4A83-B091-27BE552DB80D}.Debug|Any CPU.ActiveCfg = Debug|Any CPU
		{E7AEAB57-ECD3-4A83-B091-27BE552DB80D}.Debug|Any CPU.Build.0 = Debug|Any CPU
		{E7AEAB57-ECD3-4A83-B091-27BE552DB80D}.Release|Any CPU.ActiveCfg = Release|Any CPU
		{E7AEAB57-ECD3-4A83-B091-27BE552DB80D}.Release|Any CPU.Build.0 = Release|Any CPU
		{48D3722F-9A1F-4A7F-8A0D-27E0A75A6B22}.Debug|Any CPU.ActiveCfg = Debug|Any CPU
		{48D3722F-9A1F-4A7F-8A0D-27E0A75A6B22}.Debug|Any CPU.Build.0 = Debug|Any CPU
		{48D3722F-9A1F-4A7F-8A0D-27E0A75A6B22}.Release|Any CPU.ActiveCfg = Release|Any CPU
		{48D3722F-9A1F-4A7F-8A0D-27E0A75A6B22}.Release|Any CPU.Build.0 = Release|Any CPU
		{FD670772-A97C-491C-94E8-5654DCC2DAD1}.Debug|Any CPU.ActiveCfg = Debug|Any CPU
		{FD670772-A97C-491C-94E8-5654DCC2DAD1}.Debug|Any CPU.Build.0 = Debug|Any CPU
		{FD670772-A97C-491C-94E8-5654DCC2DAD1}.Release|Any CPU.ActiveCfg = Release|Any CPU
		{FD670772-A97C-491C-94E8-5654DCC2DAD1}.Release|Any CPU.Build.0 = Release|Any CPU
	EndGlobalSection
	GlobalSection(SolutionProperties) = preSolution
		HideSolutionNode = FALSE
	EndGlobalSection
	GlobalSection(ExtensibilityGlobals) = postSolution
		SolutionGuid = {27127CE0-0435-4A5F-B98E-8B9764A71D9D}
	EndGlobalSection
EndGlobal
